// !$*UTF8*$!
{
	archiveVersion = 1;
	classes = {
	};
	objectVersion = 46;
	objects = {

/* Begin PBXBuildFile section */
		B05656011C09476C00BAA19F /* AppDelegate.swift in Sources */ = {isa = PBXBuildFile; fileRef = B05656001C09476C00BAA19F /* AppDelegate.swift */; };
		B05656081C09476C00BAA19F /* Assets.xcassets in Resources */ = {isa = PBXBuildFile; fileRef = B05656071C09476C00BAA19F /* Assets.xcassets */; };
		B056560B1C09476C00BAA19F /* LaunchScreen.storyboard in Resources */ = {isa = PBXBuildFile; fileRef = B05656091C09476C00BAA19F /* LaunchScreen.storyboard */; };
		B05656161C09476C00BAA19F /* Teams_UpTests.swift in Sources */ = {isa = PBXBuildFile; fileRef = B05656151C09476C00BAA19F /* Teams_UpTests.swift */; };
		B05656231C09487C00BAA19F /* TeamTableViewController.swift in Sources */ = {isa = PBXBuildFile; fileRef = B05656221C09487C00BAA19F /* TeamTableViewController.swift */; };
		B05656251C094D5100BAA19F /* PlayerTableViewCell.swift in Sources */ = {isa = PBXBuildFile; fileRef = B05656241C094D5100BAA19F /* PlayerTableViewCell.swift */; };
		B05656271C094E1700BAA19F /* TeamTableViewCell.swift in Sources */ = {isa = PBXBuildFile; fileRef = B05656261C094E1700BAA19F /* TeamTableViewCell.swift */; };
		B05656291C097F2500BAA19F /* Main.storyboard in Resources */ = {isa = PBXBuildFile; fileRef = B05656281C097F2500BAA19F /* Main.storyboard */; };
		B056562B1C0A8A4300BAA19F /* Player.swift in Sources */ = {isa = PBXBuildFile; fileRef = B056562A1C0A8A4300BAA19F /* Player.swift */; };
		B056562D1C0A8A9000BAA19F /* Teams.swift in Sources */ = {isa = PBXBuildFile; fileRef = B056562C1C0A8A9000BAA19F /* Teams.swift */; };
		B08659FD1C157C5300E00B10 /* CosmosDistrib.swift in Sources */ = {isa = PBXBuildFile; fileRef = B08659FC1C157C5300E00B10 /* CosmosDistrib.swift */; };
		C73C3ED21C1B599C0035B9C3 /* PlayersDataSource.swift in Sources */ = {isa = PBXBuildFile; fileRef = C73C3ED11C1B599C0035B9C3 /* PlayersDataSource.swift */; };
		C73C3ED41C1B69560035B9C3 /* PlayersDataSourceTests.swift in Sources */ = {isa = PBXBuildFile; fileRef = C73C3ED31C1B69560035B9C3 /* PlayersDataSourceTests.swift */; };
		C73C3ED51C1B697A0035B9C3 /* PlayersDataSource.swift in Sources */ = {isa = PBXBuildFile; fileRef = C73C3ED11C1B599C0035B9C3 /* PlayersDataSource.swift */; };
		C753C4E61C1B78BD001DD0CC /* FakeUserDefaults.swift in Sources */ = {isa = PBXBuildFile; fileRef = C753C4E51C1B78BD001DD0CC /* FakeUserDefaults.swift */; };
		C753C4E71C1B7F07001DD0CC /* FakeUserDefaults.swift in Sources */ = {isa = PBXBuildFile; fileRef = C753C4E51C1B78BD001DD0CC /* FakeUserDefaults.swift */; };
		C775909E1C17128700126197 /* Podfile in Resources */ = {isa = PBXBuildFile; fileRef = C775909D1C17128700126197 /* Podfile */; };
		C78B030A1C1B842800F9AC93 /* Player.swift in Sources */ = {isa = PBXBuildFile; fileRef = B056562A1C0A8A4300BAA19F /* Player.swift */; };
		C79D7CF51C1C6DF3003D654A /* PopUpViewController.swift in Sources */ = {isa = PBXBuildFile; fileRef = C79D7CF31C1C6DF3003D654A /* PopUpViewController.swift */; };
		C79D7CF61C1C6DF3003D654A /* PopUpViewController.xib in Resources */ = {isa = PBXBuildFile; fileRef = C79D7CF41C1C6DF3003D654A /* PopUpViewController.xib */; };
		C79D7CFA1C1C862B003D654A /* PlayersViewController.swift in Sources */ = {isa = PBXBuildFile; fileRef = C79D7CF91C1C862B003D654A /* PlayersViewController.swift */; };
/* End PBXBuildFile section */

/* Begin PBXContainerItemProxy section */
		B05656121C09476C00BAA19F /* PBXContainerItemProxy */ = {
			isa = PBXContainerItemProxy;
			containerPortal = B05655F51C09476C00BAA19F /* Project object */;
			proxyType = 1;
			remoteGlobalIDString = B05655FC1C09476C00BAA19F;
			remoteInfo = "Teams-Up";
		};
/* End PBXContainerItemProxy section */

/* Begin PBXFileReference section */
		B05655FD1C09476C00BAA19F /* Teams-Up.app */ = {isa = PBXFileReference; explicitFileType = wrapper.application; includeInIndex = 0; path = "Teams-Up.app"; sourceTree = BUILT_PRODUCTS_DIR; };
		B05656001C09476C00BAA19F /* AppDelegate.swift */ = {isa = PBXFileReference; lastKnownFileType = sourcecode.swift; path = AppDelegate.swift; sourceTree = "<group>"; };
		B05656071C09476C00BAA19F /* Assets.xcassets */ = {isa = PBXFileReference; lastKnownFileType = folder.assetcatalog; path = Assets.xcassets; sourceTree = "<group>"; };
		B056560A1C09476C00BAA19F /* Base */ = {isa = PBXFileReference; lastKnownFileType = file.storyboard; name = Base; path = Base.lproj/LaunchScreen.storyboard; sourceTree = "<group>"; };
		B056560C1C09476C00BAA19F /* Info.plist */ = {isa = PBXFileReference; lastKnownFileType = text.plist.xml; path = Info.plist; sourceTree = "<group>"; };
		B05656111C09476C00BAA19F /* Teams-UpTests.xctest */ = {isa = PBXFileReference; explicitFileType = wrapper.cfbundle; includeInIndex = 0; path = "Teams-UpTests.xctest"; sourceTree = BUILT_PRODUCTS_DIR; };
		B05656151C09476C00BAA19F /* Teams_UpTests.swift */ = {isa = PBXFileReference; lastKnownFileType = sourcecode.swift; path = Teams_UpTests.swift; sourceTree = "<group>"; };
		B05656171C09476C00BAA19F /* Info.plist */ = {isa = PBXFileReference; lastKnownFileType = text.plist.xml; path = Info.plist; sourceTree = "<group>"; };
		B05656221C09487C00BAA19F /* TeamTableViewController.swift */ = {isa = PBXFileReference; fileEncoding = 4; lastKnownFileType = sourcecode.swift; path = TeamTableViewController.swift; sourceTree = "<group>"; };
		B05656241C094D5100BAA19F /* PlayerTableViewCell.swift */ = {isa = PBXFileReference; fileEncoding = 4; lastKnownFileType = sourcecode.swift; path = PlayerTableViewCell.swift; sourceTree = "<group>"; };
		B05656261C094E1700BAA19F /* TeamTableViewCell.swift */ = {isa = PBXFileReference; fileEncoding = 4; lastKnownFileType = sourcecode.swift; path = TeamTableViewCell.swift; sourceTree = "<group>"; };
		B05656281C097F2500BAA19F /* Main.storyboard */ = {isa = PBXFileReference; fileEncoding = 4; lastKnownFileType = file.storyboard; path = Main.storyboard; sourceTree = "<group>"; };
		B056562A1C0A8A4300BAA19F /* Player.swift */ = {isa = PBXFileReference; fileEncoding = 4; lastKnownFileType = sourcecode.swift; path = Player.swift; sourceTree = "<group>"; };
		B056562C1C0A8A9000BAA19F /* Teams.swift */ = {isa = PBXFileReference; fileEncoding = 4; lastKnownFileType = sourcecode.swift; path = Teams.swift; sourceTree = "<group>"; };
		B08659FC1C157C5300E00B10 /* CosmosDistrib.swift */ = {isa = PBXFileReference; fileEncoding = 4; lastKnownFileType = sourcecode.swift; path = CosmosDistrib.swift; sourceTree = "<group>"; };
		C73C3ED11C1B599C0035B9C3 /* PlayersDataSource.swift */ = {isa = PBXFileReference; fileEncoding = 4; lastKnownFileType = sourcecode.swift; path = PlayersDataSource.swift; sourceTree = "<group>"; };
		C73C3ED31C1B69560035B9C3 /* PlayersDataSourceTests.swift */ = {isa = PBXFileReference; fileEncoding = 4; lastKnownFileType = sourcecode.swift; path = PlayersDataSourceTests.swift; sourceTree = "<group>"; };
		C753C4E51C1B78BD001DD0CC /* FakeUserDefaults.swift */ = {isa = PBXFileReference; fileEncoding = 4; lastKnownFileType = sourcecode.swift; path = FakeUserDefaults.swift; sourceTree = "<group>"; };
		C775909D1C17128700126197 /* Podfile */ = {isa = PBXFileReference; fileEncoding = 4; lastKnownFileType = text; path = Podfile; sourceTree = "<group>"; };
		C79D7CF31C1C6DF3003D654A /* PopUpViewController.swift */ = {isa = PBXFileReference; fileEncoding = 4; lastKnownFileType = sourcecode.swift; path = PopUpViewController.swift; sourceTree = "<group>"; };
		C79D7CF41C1C6DF3003D654A /* PopUpViewController.xib */ = {isa = PBXFileReference; fileEncoding = 4; lastKnownFileType = file.xib; path = PopUpViewController.xib; sourceTree = "<group>"; };
		C79D7CF91C1C862B003D654A /* PlayersViewController.swift */ = {isa = PBXFileReference; fileEncoding = 4; lastKnownFileType = sourcecode.swift; path = PlayersViewController.swift; sourceTree = "<group>"; };
/* End PBXFileReference section */

/* Begin PBXFrameworksBuildPhase section */
		B05655FA1C09476C00BAA19F /* Frameworks */ = {
			isa = PBXFrameworksBuildPhase;
			buildActionMask = 2147483647;
			files = (
			);
			runOnlyForDeploymentPostprocessing = 0;
		};
		B056560E1C09476C00BAA19F /* Frameworks */ = {
			isa = PBXFrameworksBuildPhase;
			buildActionMask = 2147483647;
			files = (
			);
			runOnlyForDeploymentPostprocessing = 0;
		};
/* End PBXFrameworksBuildPhase section */

/* Begin PBXGroup section */
		B05655F41C09476C00BAA19F = {
			isa = PBXGroup;
			children = (
				C775909D1C17128700126197 /* Podfile */,
				B05655FF1C09476C00BAA19F /* Teams-Up */,
				B05656141C09476C00BAA19F /* Teams-UpTests */,
				B05655FE1C09476C00BAA19F /* Products */,
			);
			sourceTree = "<group>";
		};
		B05655FE1C09476C00BAA19F /* Products */ = {
			isa = PBXGroup;
			children = (
				B05655FD1C09476C00BAA19F /* Teams-Up.app */,
				B05656111C09476C00BAA19F /* Teams-UpTests.xctest */,
			);
			name = Products;
			sourceTree = "<group>";
		};
		B05655FF1C09476C00BAA19F /* Teams-Up */ = {
			isa = PBXGroup;
			children = (
				B056562A1C0A8A4300BAA19F /* Player.swift */,
				B056562C1C0A8A9000BAA19F /* Teams.swift */,
				B05656001C09476C00BAA19F /* AppDelegate.swift */,
				B05656241C094D5100BAA19F /* PlayerTableViewCell.swift */,
				B05656221C09487C00BAA19F /* TeamTableViewController.swift */,
				B05656261C094E1700BAA19F /* TeamTableViewCell.swift */,
				B05656281C097F2500BAA19F /* Main.storyboard */,
				C79D7CF91C1C862B003D654A /* PlayersViewController.swift */,
				C73C3ED11C1B599C0035B9C3 /* PlayersDataSource.swift */,
				C79D7CF31C1C6DF3003D654A /* PopUpViewController.swift */,
				C79D7CF41C1C6DF3003D654A /* PopUpViewController.xib */,
				B08659FC1C157C5300E00B10 /* CosmosDistrib.swift */,
				B05656071C09476C00BAA19F /* Assets.xcassets */,
				B05656091C09476C00BAA19F /* LaunchScreen.storyboard */,
				B056560C1C09476C00BAA19F /* Info.plist */,
			);
			path = "Teams-Up";
			sourceTree = "<group>";
		};
		B05656141C09476C00BAA19F /* Teams-UpTests */ = {
			isa = PBXGroup;
			children = (
				C753C4E51C1B78BD001DD0CC /* FakeUserDefaults.swift */,
				C73C3ED31C1B69560035B9C3 /* PlayersDataSourceTests.swift */,
				B05656151C09476C00BAA19F /* Teams_UpTests.swift */,
				B05656171C09476C00BAA19F /* Info.plist */,
			);
			path = "Teams-UpTests";
			sourceTree = "<group>";
		};
/* End PBXGroup section */

/* Begin PBXNativeTarget section */
		B05655FC1C09476C00BAA19F /* Teams-Up */ = {
			isa = PBXNativeTarget;
			buildConfigurationList = B056561A1C09476C00BAA19F /* Build configuration list for PBXNativeTarget "Teams-Up" */;
			buildPhases = (
				B05655F91C09476C00BAA19F /* Sources */,
				B05655FA1C09476C00BAA19F /* Frameworks */,
				B05655FB1C09476C00BAA19F /* Resources */,
			);
			buildRules = (
			);
			dependencies = (
			);
			name = "Teams-Up";
			productName = "Teams-Up";
			productReference = B05655FD1C09476C00BAA19F /* Teams-Up.app */;
			productType = "com.apple.product-type.application";
		};
		B05656101C09476C00BAA19F /* Teams-UpTests */ = {
			isa = PBXNativeTarget;
			buildConfigurationList = B056561D1C09476C00BAA19F /* Build configuration list for PBXNativeTarget "Teams-UpTests" */;
			buildPhases = (
				B056560D1C09476C00BAA19F /* Sources */,
				B056560E1C09476C00BAA19F /* Frameworks */,
				B056560F1C09476C00BAA19F /* Resources */,
			);
			buildRules = (
			);
			dependencies = (
				B05656131C09476C00BAA19F /* PBXTargetDependency */,
			);
			name = "Teams-UpTests";
			productName = "Teams-UpTests";
			productReference = B05656111C09476C00BAA19F /* Teams-UpTests.xctest */;
			productType = "com.apple.product-type.bundle.unit-test";
		};
/* End PBXNativeTarget section */

/* Begin PBXProject section */
		B05655F51C09476C00BAA19F /* Project object */ = {
			isa = PBXProject;
			attributes = {
				LastSwiftMigration = 0710;
				LastSwiftUpdateCheck = 0710;
				LastUpgradeCheck = 0710;
				ORGANIZATIONNAME = "Jhoan Arango";
				TargetAttributes = {
					B05655FC1C09476C00BAA19F = {
						CreatedOnToolsVersion = 7.1.1;
					};
					B05656101C09476C00BAA19F = {
						CreatedOnToolsVersion = 7.1.1;
						TestTargetID = B05655FC1C09476C00BAA19F;
					};
				};
			};
			buildConfigurationList = B05655F81C09476C00BAA19F /* Build configuration list for PBXProject "Teams-Up" */;
			compatibilityVersion = "Xcode 3.2";
			developmentRegion = English;
			hasScannedForEncodings = 0;
			knownRegions = (
				en,
				Base,
			);
			mainGroup = B05655F41C09476C00BAA19F;
			productRefGroup = B05655FE1C09476C00BAA19F /* Products */;
			projectDirPath = "";
			projectRoot = "";
			targets = (
				B05655FC1C09476C00BAA19F /* Teams-Up */,
				B05656101C09476C00BAA19F /* Teams-UpTests */,
			);
		};
/* End PBXProject section */

/* Begin PBXResourcesBuildPhase section */
		B05655FB1C09476C00BAA19F /* Resources */ = {
			isa = PBXResourcesBuildPhase;
			buildActionMask = 2147483647;
			files = (
				C775909E1C17128700126197 /* Podfile in Resources */,
				B05656291C097F2500BAA19F /* Main.storyboard in Resources */,
				B056560B1C09476C00BAA19F /* LaunchScreen.storyboard in Resources */,
				B05656081C09476C00BAA19F /* Assets.xcassets in Resources */,
				C79D7CF61C1C6DF3003D654A /* PopUpViewController.xib in Resources */,
			);
			runOnlyForDeploymentPostprocessing = 0;
		};
		B056560F1C09476C00BAA19F /* Resources */ = {
			isa = PBXResourcesBuildPhase;
			buildActionMask = 2147483647;
			files = (
			);
			runOnlyForDeploymentPostprocessing = 0;
		};
/* End PBXResourcesBuildPhase section */

/* Begin PBXSourcesBuildPhase section */
		B05655F91C09476C00BAA19F /* Sources */ = {
			isa = PBXSourcesBuildPhase;
			buildActionMask = 2147483647;
			files = (
				C79D7CFA1C1C862B003D654A /* PlayersViewController.swift in Sources */,
				B056562D1C0A8A9000BAA19F /* Teams.swift in Sources */,
				B05656251C094D5100BAA19F /* PlayerTableViewCell.swift in Sources */,
				B05656271C094E1700BAA19F /* TeamTableViewCell.swift in Sources */,
				C79D7CF51C1C6DF3003D654A /* PopUpViewController.swift in Sources */,
				B08659FD1C157C5300E00B10 /* CosmosDistrib.swift in Sources */,
				C73C3ED21C1B599C0035B9C3 /* PlayersDataSource.swift in Sources */,
				C753C4E71C1B7F07001DD0CC /* FakeUserDefaults.swift in Sources */,
				B05656011C09476C00BAA19F /* AppDelegate.swift in Sources */,
				B056562B1C0A8A4300BAA19F /* Player.swift in Sources */,
				B05656231C09487C00BAA19F /* TeamTableViewController.swift in Sources */,
			);
			runOnlyForDeploymentPostprocessing = 0;
		};
		B056560D1C09476C00BAA19F /* Sources */ = {
			isa = PBXSourcesBuildPhase;
			buildActionMask = 2147483647;
			files = (
				C753C4E61C1B78BD001DD0CC /* FakeUserDefaults.swift in Sources */,
				B05656161C09476C00BAA19F /* Teams_UpTests.swift in Sources */,
				C73C3ED51C1B697A0035B9C3 /* PlayersDataSource.swift in Sources */,
				C78B030A1C1B842800F9AC93 /* Player.swift in Sources */,
				C73C3ED41C1B69560035B9C3 /* PlayersDataSourceTests.swift in Sources */,
			);
			runOnlyForDeploymentPostprocessing = 0;
		};
/* End PBXSourcesBuildPhase section */

/* Begin PBXTargetDependency section */
		B05656131C09476C00BAA19F /* PBXTargetDependency */ = {
			isa = PBXTargetDependency;
			target = B05655FC1C09476C00BAA19F /* Teams-Up */;
			targetProxy = B05656121C09476C00BAA19F /* PBXContainerItemProxy */;
		};
/* End PBXTargetDependency section */

/* Begin PBXVariantGroup section */
		B05656091C09476C00BAA19F /* LaunchScreen.storyboard */ = {
			isa = PBXVariantGroup;
			children = (
				B056560A1C09476C00BAA19F /* Base */,
			);
			name = LaunchScreen.storyboard;
			sourceTree = "<group>";
		};
/* End PBXVariantGroup section */

/* Begin XCBuildConfiguration section */
		B05656181C09476C00BAA19F /* Debug */ = {
			isa = XCBuildConfiguration;
			buildSettings = {
				ALWAYS_SEARCH_USER_PATHS = NO;
				CLANG_CXX_LANGUAGE_STANDARD = "gnu++0x";
				CLANG_CXX_LIBRARY = "libc++";
				CLANG_ENABLE_MODULES = YES;
				CLANG_ENABLE_OBJC_ARC = YES;
				CLANG_WARN_BOOL_CONVERSION = YES;
				CLANG_WARN_CONSTANT_CONVERSION = YES;
				CLANG_WARN_DIRECT_OBJC_ISA_USAGE = YES_ERROR;
				CLANG_WARN_EMPTY_BODY = YES;
				CLANG_WARN_ENUM_CONVERSION = YES;
				CLANG_WARN_INT_CONVERSION = YES;
				CLANG_WARN_OBJC_ROOT_CLASS = YES_ERROR;
				CLANG_WARN_UNREACHABLE_CODE = YES;
				CLANG_WARN__DUPLICATE_METHOD_MATCH = YES;
				"CODE_SIGN_IDENTITY[sdk=iphoneos*]" = "iPhone Developer";
				COPY_PHASE_STRIP = NO;
				DEBUG_INFORMATION_FORMAT = dwarf;
				ENABLE_STRICT_OBJC_MSGSEND = YES;
				ENABLE_TESTABILITY = YES;
				GCC_C_LANGUAGE_STANDARD = gnu99;
				GCC_DYNAMIC_NO_PIC = NO;
				GCC_NO_COMMON_BLOCKS = YES;
				GCC_OPTIMIZATION_LEVEL = 0;
				GCC_PREPROCESSOR_DEFINITIONS = (
					"DEBUG=1",
					"$(inherited)",
				);
				GCC_WARN_64_TO_32_BIT_CONVERSION = YES;
				GCC_WARN_ABOUT_RETURN_TYPE = YES_ERROR;
				GCC_WARN_UNDECLARED_SELECTOR = YES;
				GCC_WARN_UNINITIALIZED_AUTOS = YES_AGGRESSIVE;
				GCC_WARN_UNUSED_FUNCTION = YES;
				GCC_WARN_UNUSED_VARIABLE = YES;
				IPHONEOS_DEPLOYMENT_TARGET = 8.0;
				MTL_ENABLE_DEBUG_INFO = YES;
				ONLY_ACTIVE_ARCH = YES;
				SDKROOT = iphoneos;
				SWIFT_OPTIMIZATION_LEVEL = "-Onone";
			};
			name = Debug;
		};
		B05656191C09476C00BAA19F /* Release */ = {
			isa = XCBuildConfiguration;
			buildSettings = {
				ALWAYS_SEARCH_USER_PATHS = NO;
				CLANG_CXX_LANGUAGE_STANDARD = "gnu++0x";
				CLANG_CXX_LIBRARY = "libc++";
				CLANG_ENABLE_MODULES = YES;
				CLANG_ENABLE_OBJC_ARC = YES;
				CLANG_WARN_BOOL_CONVERSION = YES;
				CLANG_WARN_CONSTANT_CONVERSION = YES;
				CLANG_WARN_DIRECT_OBJC_ISA_USAGE = YES_ERROR;
				CLANG_WARN_EMPTY_BODY = YES;
				CLANG_WARN_ENUM_CONVERSION = YES;
				CLANG_WARN_INT_CONVERSION = YES;
				CLANG_WARN_OBJC_ROOT_CLASS = YES_ERROR;
				CLANG_WARN_UNREACHABLE_CODE = YES;
				CLANG_WARN__DUPLICATE_METHOD_MATCH = YES;
				"CODE_SIGN_IDENTITY[sdk=iphoneos*]" = "iPhone Developer";
				COPY_PHASE_STRIP = NO;
				DEBUG_INFORMATION_FORMAT = "dwarf-with-dsym";
				ENABLE_NS_ASSERTIONS = NO;
				ENABLE_STRICT_OBJC_MSGSEND = YES;
				GCC_C_LANGUAGE_STANDARD = gnu99;
				GCC_NO_COMMON_BLOCKS = YES;
				GCC_WARN_64_TO_32_BIT_CONVERSION = YES;
				GCC_WARN_ABOUT_RETURN_TYPE = YES_ERROR;
				GCC_WARN_UNDECLARED_SELECTOR = YES;
				GCC_WARN_UNINITIALIZED_AUTOS = YES_AGGRESSIVE;
				GCC_WARN_UNUSED_FUNCTION = YES;
				GCC_WARN_UNUSED_VARIABLE = YES;
				IPHONEOS_DEPLOYMENT_TARGET = 8.0;
				MTL_ENABLE_DEBUG_INFO = NO;
				SDKROOT = iphoneos;
				VALIDATE_PRODUCT = YES;
			};
			name = Release;
		};
		B056561B1C09476C00BAA19F /* Debug */ = {
			isa = XCBuildConfiguration;
			buildSettings = {
				ASSETCATALOG_COMPILER_APPICON_NAME = AppIcon;
				INFOPLIST_FILE = "Teams-Up/Info.plist";
				IPHONEOS_DEPLOYMENT_TARGET = 8.0;
				LD_RUNPATH_SEARCH_PATHS = "$(inherited) @executable_path/Frameworks";
				PRODUCT_BUNDLE_IDENTIFIER = "com.NewDevelopersTeam.Teams-Up";
				PRODUCT_NAME = "$(TARGET_NAME)";
			};
			name = Debug;
		};
		B056561C1C09476C00BAA19F /* Release */ = {
			isa = XCBuildConfiguration;
			buildSettings = {
				ASSETCATALOG_COMPILER_APPICON_NAME = AppIcon;
				INFOPLIST_FILE = "Teams-Up/Info.plist";
				IPHONEOS_DEPLOYMENT_TARGET = 8.0;
				LD_RUNPATH_SEARCH_PATHS = "$(inherited) @executable_path/Frameworks";
				PRODUCT_BUNDLE_IDENTIFIER = "com.NewDevelopersTeam.Teams-Up";
				PRODUCT_NAME = "$(TARGET_NAME)";
			};
			name = Release;
		};
		B056561E1C09476C00BAA19F /* Debug */ = {
			isa = XCBuildConfiguration;
			buildSettings = {
				BUNDLE_LOADER = "$(TEST_HOST)";
				INFOPLIST_FILE = "Teams-UpTests/Info.plist";
				LD_RUNPATH_SEARCH_PATHS = "$(inherited) @executable_path/Frameworks @loader_path/Frameworks";
				PRODUCT_BUNDLE_IDENTIFIER = "com.NewDevelopersTeam.Teams-UpTests";
				PRODUCT_NAME = "$(TARGET_NAME)";
				TEST_HOST = "$(BUILT_PRODUCTS_DIR)/Teams-Up.app/Teams-Up";
			};
			name = Debug;
		};
		B056561F1C09476C00BAA19F /* Release */ = {
			isa = XCBuildConfiguration;
			buildSettings = {
				BUNDLE_LOADER = "$(TEST_HOST)";
				INFOPLIST_FILE = "Teams-UpTests/Info.plist";
				LD_RUNPATH_SEARCH_PATHS = "$(inherited) @executable_path/Frameworks @loader_path/Frameworks";
				PRODUCT_BUNDLE_IDENTIFIER = "com.NewDevelopersTeam.Teams-UpTests";
				PRODUCT_NAME = "$(TARGET_NAME)";
				TEST_HOST = "$(BUILT_PRODUCTS_DIR)/Teams-Up.app/Teams-Up";
			};
			name = Release;
		};
/* End XCBuildConfiguration section */

/* Begin XCConfigurationList section */
		B05655F81C09476C00BAA19F /* Build configuration list for PBXProject "Teams-Up" */ = {
			isa = XCConfigurationList;
			buildConfigurations = (
				B05656181C09476C00BAA19F /* Debug */,
				B05656191C09476C00BAA19F /* Release */,
			);
			defaultConfigurationIsVisible = 0;
			defaultConfigurationName = Release;
		};
		B056561A1C09476C00BAA19F /* Build configuration list for PBXNativeTarget "Teams-Up" */ = {
			isa = XCConfigurationList;
			buildConfigurations = (
				B056561B1C09476C00BAA19F /* Debug */,
				B056561C1C09476C00BAA19F /* Release */,
			);
			defaultConfigurationIsVisible = 0;
			defaultConfigurationName = Release;
		};
		B056561D1C09476C00BAA19F /* Build configuration list for PBXNativeTarget "Teams-UpTests" */ = {
			isa = XCConfigurationList;
			buildConfigurations = (
				B056561E1C09476C00BAA19F /* Debug */,
				B056561F1C09476C00BAA19F /* Release */,
			);
			defaultConfigurationIsVisible = 0;
			defaultConfigurationName = Release;
		};
/* End XCConfigurationList section */
	};
	rootObject = B05655F51C09476C00BAA19F /* Project object */;
}
